
Microsoft Visual Studio Solution File, Format Version 12.00
# Visual Studio 15
VisualStudioVersion = 15.0.27004.2008
MinimumVisualStudioVersion = 10.0.40219.1
Project("{9A19103F-16F7-4668-BE54-9A1E7A4F7556}") = "CalcWin", "CalcWin\CalcWin.csproj", "{0C7617AC-9EAE-478E-9472-E3C3070A4016}"
	ProjectSection(ProjectDependencies) = postProject
		{1893D7B5-912C-4902-9ECC-2F9458B5C216} = {1893D7B5-912C-4902-9ECC-2F9458B5C216}
	EndProjectSection
EndProject
Project("{9A19103F-16F7-4668-BE54-9A1E7A4F7556}") = "CalcWin.DataAccess", "CalcWin.DataAccess\CalcWin.DataAccess.csproj", "{11AF9B38-2612-4E4B-8BF1-13993C6A4022}"
EndProject
Project("{9A19103F-16F7-4668-BE54-9A1E7A4F7556}") = "CalcWin.Client", "CalcWin.Client\CalcWin.Client.csproj", "{1893D7B5-912C-4902-9ECC-2F9458B5C216}"
	ProjectSection(ProjectDependencies) = postProject
		{11AF9B38-2612-4E4B-8BF1-13993C6A4022} = {11AF9B38-2612-4E4B-8BF1-13993C6A4022}
	EndProjectSection
EndProject
Project("{9A19103F-16F7-4668-BE54-9A1E7A4F7556}") = "CalcWin.Tests", "CalcWin.Tests\CalcWin.Tests.csproj", "{81214BDF-ACD9-465A-B952-C885235A7380}"
EndProject
Global
	GlobalSection(SolutionConfigurationPlatforms) = preSolution
		Debug|Any CPU = Debug|Any CPU
		Release|Any CPU = Release|Any CPU
	EndGlobalSection
	GlobalSection(ProjectConfigurationPlatforms) = postSolution
		{0C7617AC-9EAE-478E-9472-E3C3070A4016}.Debug|Any CPU.ActiveCfg = Debug|Any CPU
		{0C7617AC-9EAE-478E-9472-E3C3070A4016}.Debug|Any CPU.Build.0 = Debug|Any CPU
		{0C7617AC-9EAE-478E-9472-E3C3070A4016}.Release|Any CPU.ActiveCfg = Release|Any CPU
		{0C7617AC-9EAE-478E-9472-E3C3070A4016}.Release|Any CPU.Build.0 = Release|Any CPU
		{11AF9B38-2612-4E4B-8BF1-13993C6A4022}.Debug|Any CPU.ActiveCfg = Debug|Any CPU
		{11AF9B38-2612-4E4B-8BF1-13993C6A4022}.Debug|Any CPU.Build.0 = Debug|Any CPU
		{11AF9B38-2612-4E4B-8BF1-13993C6A4022}.Release|Any CPU.ActiveCfg = Release|Any CPU
		{11AF9B38-2612-4E4B-8BF1-13993C6A4022}.Release|Any CPU.Build.0 = Release|Any CPU
		{1893D7B5-912C-4902-9ECC-2F9458B5C216}.Debug|Any CPU.ActiveCfg = Debug|Any CPU
		{1893D7B5-912C-4902-9ECC-2F9458B5C216}.Debug|Any CPU.Build.0 = Debug|Any CPU
		{1893D7B5-912C-4902-9ECC-2F9458B5C216}.Release|Any CPU.ActiveCfg = Release|Any CPU
		{1893D7B5-912C-4902-9ECC-2F9458B5C216}.Release|Any CPU.Build.0 = Release|Any CPU
		{81214BDF-ACD9-465A-B952-C885235A7380}.Debug|Any CPU.ActiveCfg = Debug|Any CPU
		{81214BDF-ACD9-465A-B952-C885235A7380}.Debug|Any CPU.Build.0 = Debug|Any CPU
		{81214BDF-ACD9-465A-B952-C885235A7380}.Release|Any CPU.ActiveCfg = Release|Any CPU
		{81214BDF-ACD9-465A-B952-C885235A7380}.Release|Any CPU.Build.0 = Release|Any CPU
	EndGlobalSection
	GlobalSection(SolutionProperties) = preSolution
		HideSolutionNode = FALSE
	EndGlobalSection
	GlobalSection(ExtensibilityGlobals) = postSolution
		SolutionGuid = {6FA4ADC1-5A1C-496C-A1CD-5576B7E275FF}
	EndGlobalSection
EndGlobal
